// !$*UTF8*$!
{
	archiveVersion = 1;
	classes = {
	};
	objectVersion = 55;
	objects = {

/* Begin PBXBuildFile section */
		2DC9B14A294A7CDF00F5AF67 /* HeroData.swift in Sources */ = {isa = PBXBuildFile; fileRef = 2DC9B149294A7CDF00F5AF67 /* HeroData.swift */; };
		8C0DD8C3900C5F342C5FE074 /* Pods_effective_lab_ios.framework in Frameworks */ = {isa = PBXBuildFile; fileRef = 773922465E0D2A81E0B48E1E /* Pods_effective_lab_ios.framework */; };
		F716752B2948EF7700DBEFF7 /* PagingCollectionViewLayout.swift in Sources */ = {isa = PBXBuildFile; fileRef = F716752A2948EF7700DBEFF7 /* PagingCollectionViewLayout.swift */; };
		F75F5BEA29479C0B006E5F59 /* AppDelegate.swift in Sources */ = {isa = PBXBuildFile; fileRef = F75F5BE929479C0B006E5F59 /* AppDelegate.swift */; };
		F75F5BEC29479C0B006E5F59 /* SceneDelegate.swift in Sources */ = {isa = PBXBuildFile; fileRef = F75F5BEB29479C0B006E5F59 /* SceneDelegate.swift */; };
		F75F5BEE29479C0B006E5F59 /* ViewController.swift in Sources */ = {isa = PBXBuildFile; fileRef = F75F5BED29479C0B006E5F59 /* ViewController.swift */; };
		F75F5BF329479C0C006E5F59 /* Assets.xcassets in Resources */ = {isa = PBXBuildFile; fileRef = F75F5BF229479C0C006E5F59 /* Assets.xcassets */; };
		F75F5BF629479C0C006E5F59 /* LaunchScreen.storyboard in Resources */ = {isa = PBXBuildFile; fileRef = F75F5BF429479C0C006E5F59 /* LaunchScreen.storyboard */; };
		F75F5C062947C711006E5F59 /* SnapKit in Frameworks */ = {isa = PBXBuildFile; productRef = F75F5C052947C711006E5F59 /* SnapKit */; };
/* End PBXBuildFile section */

/* Begin PBXFileReference section */
		2DC9B149294A7CDF00F5AF67 /* HeroData.swift */ = {isa = PBXFileReference; lastKnownFileType = sourcecode.swift; path = HeroData.swift; sourceTree = "<group>"; };
		773922465E0D2A81E0B48E1E /* Pods_effective_lab_ios.framework */ = {isa = PBXFileReference; explicitFileType = wrapper.framework; includeInIndex = 0; path = Pods_effective_lab_ios.framework; sourceTree = BUILT_PRODUCTS_DIR; };
		B6C67B5EA8B793C12AEC1FAB /* Pods-effective_lab_ios.debug.xcconfig */ = {isa = PBXFileReference; includeInIndex = 1; lastKnownFileType = text.xcconfig; name = "Pods-effective_lab_ios.debug.xcconfig"; path = "Target Support Files/Pods-effective_lab_ios/Pods-effective_lab_ios.debug.xcconfig"; sourceTree = "<group>"; };
		E61613EA61AE2A83C11A3520 /* Pods-effective_lab_ios.release.xcconfig */ = {isa = PBXFileReference; includeInIndex = 1; lastKnownFileType = text.xcconfig; name = "Pods-effective_lab_ios.release.xcconfig"; path = "Target Support Files/Pods-effective_lab_ios/Pods-effective_lab_ios.release.xcconfig"; sourceTree = "<group>"; };
		F716752A2948EF7700DBEFF7 /* PagingCollectionViewLayout.swift */ = {isa = PBXFileReference; lastKnownFileType = sourcecode.swift; path = PagingCollectionViewLayout.swift; sourceTree = "<group>"; };
		F75F5BE629479C0B006E5F59 /* effective_lab_ios.app */ = {isa = PBXFileReference; explicitFileType = wrapper.application; includeInIndex = 0; path = effective_lab_ios.app; sourceTree = BUILT_PRODUCTS_DIR; };
		F75F5BE929479C0B006E5F59 /* AppDelegate.swift */ = {isa = PBXFileReference; lastKnownFileType = sourcecode.swift; path = AppDelegate.swift; sourceTree = "<group>"; };
		F75F5BEB29479C0B006E5F59 /* SceneDelegate.swift */ = {isa = PBXFileReference; lastKnownFileType = sourcecode.swift; path = SceneDelegate.swift; sourceTree = "<group>"; };
		F75F5BED29479C0B006E5F59 /* ViewController.swift */ = {isa = PBXFileReference; lastKnownFileType = sourcecode.swift; path = ViewController.swift; sourceTree = "<group>"; };
		F75F5BF229479C0C006E5F59 /* Assets.xcassets */ = {isa = PBXFileReference; lastKnownFileType = folder.assetcatalog; path = Assets.xcassets; sourceTree = "<group>"; };
		F75F5BF529479C0C006E5F59 /* Base */ = {isa = PBXFileReference; lastKnownFileType = file.storyboard; name = Base; path = Base.lproj/LaunchScreen.storyboard; sourceTree = "<group>"; };
		F75F5BF729479C0C006E5F59 /* Info.plist */ = {isa = PBXFileReference; lastKnownFileType = text.plist.xml; path = Info.plist; sourceTree = "<group>"; };
/* End PBXFileReference section */

/* Begin PBXFrameworksBuildPhase section */
		F75F5BE329479C0B006E5F59 /* Frameworks */ = {
			isa = PBXFrameworksBuildPhase;
			buildActionMask = 2147483647;
			files = (
				F75F5C062947C711006E5F59 /* SnapKit in Frameworks */,
				8C0DD8C3900C5F342C5FE074 /* Pods_effective_lab_ios.framework in Frameworks */,
			);
			runOnlyForDeploymentPostprocessing = 0;
		};
/* End PBXFrameworksBuildPhase section */

/* Begin PBXGroup section */
		7964BD39ECB3CD955163F885 /* Frameworks */ = {
			isa = PBXGroup;
			children = (
				773922465E0D2A81E0B48E1E /* Pods_effective_lab_ios.framework */,
			);
			name = Frameworks;
			sourceTree = "<group>";
		};
		B92B0BFE267C120EF9CF732B /* Pods */ = {
			isa = PBXGroup;
			children = (
				B6C67B5EA8B793C12AEC1FAB /* Pods-effective_lab_ios.debug.xcconfig */,
				E61613EA61AE2A83C11A3520 /* Pods-effective_lab_ios.release.xcconfig */,
			);
			path = Pods;
			sourceTree = "<group>";
		};
		F75F5BDD29479C0B006E5F59 = {
			isa = PBXGroup;
			children = (
				F75F5BE829479C0B006E5F59 /* effective_lab_ios */,
				F75F5BE729479C0B006E5F59 /* Products */,
				B92B0BFE267C120EF9CF732B /* Pods */,
				7964BD39ECB3CD955163F885 /* Frameworks */,
			);
			sourceTree = "<group>";
		};
		F75F5BE729479C0B006E5F59 /* Products */ = {
			isa = PBXGroup;
			children = (
				F75F5BE629479C0B006E5F59 /* effective_lab_ios.app */,
			);
			name = Products;
			sourceTree = "<group>";
		};
		F75F5BE829479C0B006E5F59 /* effective_lab_ios */ = {
			isa = PBXGroup;
			children = (
				F75F5BE929479C0B006E5F59 /* AppDelegate.swift */,
				F75F5BEB29479C0B006E5F59 /* SceneDelegate.swift */,
				F75F5BED29479C0B006E5F59 /* ViewController.swift */,
				F75F5BF229479C0C006E5F59 /* Assets.xcassets */,
				F75F5BF429479C0C006E5F59 /* LaunchScreen.storyboard */,
				F75F5BF729479C0C006E5F59 /* Info.plist */,
				F716752A2948EF7700DBEFF7 /* PagingCollectionViewLayout.swift */,
				2DC9B149294A7CDF00F5AF67 /* HeroData.swift */,
			);
			path = effective_lab_ios;
			sourceTree = "<group>";
		};
/* End PBXGroup section */

/* Begin PBXNativeTarget section */
		F75F5BE529479C0B006E5F59 /* effective_lab_ios */ = {
			isa = PBXNativeTarget;
			buildConfigurationList = F75F5BFA29479C0C006E5F59 /* Build configuration list for PBXNativeTarget "effective_lab_ios" */;
			buildPhases = (
				A09B79D3E0FC7C61CA3D2F86 /* [CP] Check Pods Manifest.lock */,
				F75F5BE229479C0B006E5F59 /* Sources */,
				F75F5BE329479C0B006E5F59 /* Frameworks */,
				F75F5BE429479C0B006E5F59 /* Resources */,
				A44CF42554C1AAEC255F23B6 /* [CP] Embed Pods Frameworks */,
			);
			buildRules = (
			);
			dependencies = (
			);
			name = effective_lab_ios;
			packageProductDependencies = (
				F75F5C052947C711006E5F59 /* SnapKit */,
			);
			productName = effective_lab_ios;
			productReference = F75F5BE629479C0B006E5F59 /* effective_lab_ios.app */;
			productType = "com.apple.product-type.application";
		};
/* End PBXNativeTarget section */

/* Begin PBXProject section */
		F75F5BDE29479C0B006E5F59 /* Project object */ = {
			isa = PBXProject;
			attributes = {
				BuildIndependentTargetsInParallel = 1;
				LastSwiftUpdateCheck = 1410;
				LastUpgradeCheck = 1410;
				TargetAttributes = {
					F75F5BE529479C0B006E5F59 = {
						CreatedOnToolsVersion = 14.1;
					};
				};
			};
			buildConfigurationList = F75F5BE129479C0B006E5F59 /* Build configuration list for PBXProject "effective_lab_ios" */;
			compatibilityVersion = "Xcode 13.0";
			developmentRegion = en;
			hasScannedForEncodings = 0;
			knownRegions = (
				en,
				Base,
			);
			mainGroup = F75F5BDD29479C0B006E5F59;
			packageReferences = (
				F75F5C042947C711006E5F59 /* XCRemoteSwiftPackageReference "SnapKit" */,
			);
			productRefGroup = F75F5BE729479C0B006E5F59 /* Products */;
			projectDirPath = "";
			projectRoot = "";
			targets = (
				F75F5BE529479C0B006E5F59 /* effective_lab_ios */,
			);
		};
/* End PBXProject section */

/* Begin PBXResourcesBuildPhase section */
		F75F5BE429479C0B006E5F59 /* Resources */ = {
			isa = PBXResourcesBuildPhase;
			buildActionMask = 2147483647;
			files = (
				F75F5BF629479C0C006E5F59 /* LaunchScreen.storyboard in Resources */,
				F75F5BF329479C0C006E5F59 /* Assets.xcassets in Resources */,
			);
			runOnlyForDeploymentPostprocessing = 0;
		};
/* End PBXResourcesBuildPhase section */

/* Begin PBXShellScriptBuildPhase section */
		A09B79D3E0FC7C61CA3D2F86 /* [CP] Check Pods Manifest.lock */ = {
			isa = PBXShellScriptBuildPhase;
			buildActionMask = 2147483647;
			files = (
			);
			inputFileListPaths = (
			);
			inputPaths = (
				"${PODS_PODFILE_DIR_PATH}/Podfile.lock",
				"${PODS_ROOT}/Manifest.lock",
			);
			name = "[CP] Check Pods Manifest.lock";
			outputFileListPaths = (
			);
			outputPaths = (
				"$(DERIVED_FILE_DIR)/Pods-effective_lab_ios-checkManifestLockResult.txt",
			);
			runOnlyForDeploymentPostprocessing = 0;
			shellPath = /bin/sh;
			shellScript = "diff \"${PODS_PODFILE_DIR_PATH}/Podfile.lock\" \"${PODS_ROOT}/Manifest.lock\" > /dev/null\nif [ $? != 0 ] ; then\n    # print error to STDERR\n    echo \"error: The sandbox is not in sync with the Podfile.lock. Run 'pod install' or update your CocoaPods installation.\" >&2\n    exit 1\nfi\n# This output is used by Xcode 'outputs' to avoid re-running this script phase.\necho \"SUCCESS\" > \"${SCRIPT_OUTPUT_FILE_0}\"\n";
			showEnvVarsInLog = 0;
		};
		A44CF42554C1AAEC255F23B6 /* [CP] Embed Pods Frameworks */ = {
			isa = PBXShellScriptBuildPhase;
			buildActionMask = 2147483647;
			files = (
			);
			inputFileListPaths = (
				"${PODS_ROOT}/Target Support Files/Pods-effective_lab_ios/Pods-effective_lab_ios-frameworks-${CONFIGURATION}-input-files.xcfilelist",
			);
			name = "[CP] Embed Pods Frameworks";
			outputFileListPaths = (
				"${PODS_ROOT}/Target Support Files/Pods-effective_lab_ios/Pods-effective_lab_ios-frameworks-${CONFIGURATION}-output-files.xcfilelist",
			);
			runOnlyForDeploymentPostprocessing = 0;
			shellPath = /bin/sh;
			shellScript = "\"${PODS_ROOT}/Target Support Files/Pods-effective_lab_ios/Pods-effective_lab_ios-frameworks.sh\"\n";
			showEnvVarsInLog = 0;
		};
/* End PBXShellScriptBuildPhase section */

/* Begin PBXSourcesBuildPhase section */
		F75F5BE229479C0B006E5F59 /* Sources */ = {
			isa = PBXSourcesBuildPhase;
			buildActionMask = 2147483647;
			files = (
				F716752B2948EF7700DBEFF7 /* PagingCollectionViewLayout.swift in Sources */,
				2DC9B14A294A7CDF00F5AF67 /* HeroData.swift in Sources */,
				F75F5BEE29479C0B006E5F59 /* ViewController.swift in Sources */,
				F75F5BEA29479C0B006E5F59 /* AppDelegate.swift in Sources */,
				F75F5BEC29479C0B006E5F59 /* SceneDelegate.swift in Sources */,
			);
			runOnlyForDeploymentPostprocessing = 0;
		};
/* End PBXSourcesBuildPhase section */

/* Begin PBXVariantGroup section */
		F75F5BF429479C0C006E5F59 /* LaunchScreen.storyboard */ = {
			isa = PBXVariantGroup;
			children = (
				F75F5BF529479C0C006E5F59 /* Base */,
			);
			name = LaunchScreen.storyboard;
			sourceTree = "<group>";
		};
/* End PBXVariantGroup section */

/* Begin XCBuildConfiguration section */
		F75F5BF829479C0C006E5F59 /* Debug */ = {
			isa = XCBuildConfiguration;
			buildSettings = {
				ALWAYS_SEARCH_USER_PATHS = NO;
				CLANG_ANALYZER_NONNULL = YES;
				CLANG_ANALYZER_NUMBER_OBJECT_CONVERSION = YES_AGGRESSIVE;
				CLANG_CXX_LANGUAGE_STANDARD = "gnu++20";
				CLANG_ENABLE_MODULES = YES;
				CLANG_ENABLE_OBJC_ARC = YES;
				CLANG_ENABLE_OBJC_WEAK = YES;
				CLANG_WARN_BLOCK_CAPTURE_AUTORELEASING = YES;
				CLANG_WARN_BOOL_CONVERSION = YES;
				CLANG_WARN_COMMA = YES;
				CLANG_WARN_CONSTANT_CONVERSION = YES;
				CLANG_WARN_DEPRECATED_OBJC_IMPLEMENTATIONS = YES;
				CLANG_WARN_DIRECT_OBJC_ISA_USAGE = YES_ERROR;
				CLANG_WARN_DOCUMENTATION_COMMENTS = YES;
				CLANG_WARN_EMPTY_BODY = YES;
				CLANG_WARN_ENUM_CONVERSION = YES;
				CLANG_WARN_INFINITE_RECURSION = YES;
				CLANG_WARN_INT_CONVERSION = YES;
				CLANG_WARN_NON_LITERAL_NULL_CONVERSION = YES;
				CLANG_WARN_OBJC_IMPLICIT_RETAIN_SELF = YES;
				CLANG_WARN_OBJC_LITERAL_CONVERSION = YES;
				CLANG_WARN_OBJC_ROOT_CLASS = YES_ERROR;
				CLANG_WARN_QUOTED_INCLUDE_IN_FRAMEWORK_HEADER = YES;
				CLANG_WARN_RANGE_LOOP_ANALYSIS = YES;
				CLANG_WARN_STRICT_PROTOTYPES = YES;
				CLANG_WARN_SUSPICIOUS_MOVE = YES;
				CLANG_WARN_UNGUARDED_AVAILABILITY = YES_AGGRESSIVE;
				CLANG_WARN_UNREACHABLE_CODE = YES;
				CLANG_WARN__DUPLICATE_METHOD_MATCH = YES;
				COPY_PHASE_STRIP = NO;
				DEBUG_INFORMATION_FORMAT = dwarf;
				ENABLE_STRICT_OBJC_MSGSEND = YES;
				ENABLE_TESTABILITY = YES;
				GCC_C_LANGUAGE_STANDARD = gnu11;
				GCC_DYNAMIC_NO_PIC = NO;
				GCC_NO_COMMON_BLOCKS = YES;
				GCC_OPTIMIZATION_LEVEL = 0;
				GCC_PREPROCESSOR_DEFINITIONS = (
					"DEBUG=1",
					"$(inherited)",
				);
				GCC_WARN_64_TO_32_BIT_CONVERSION = YES;
				GCC_WARN_ABOUT_RETURN_TYPE = YES_ERROR;
				GCC_WARN_UNDECLARED_SELECTOR = YES;
				GCC_WARN_UNINITIALIZED_AUTOS = YES_AGGRESSIVE;
				GCC_WARN_UNUSED_FUNCTION = YES;
				GCC_WARN_UNUSED_VARIABLE = YES;
				IPHONEOS_DEPLOYMENT_TARGET = 16.1;
				MTL_ENABLE_DEBUG_INFO = INCLUDE_SOURCE;
				MTL_FAST_MATH = YES;
				ONLY_ACTIVE_ARCH = YES;
				SDKROOT = iphoneos;
				SWIFT_ACTIVE_COMPILATION_CONDITIONS = DEBUG;
				SWIFT_OPTIMIZATION_LEVEL = "-Onone";
			};
			name = Debug;
		};
		F75F5BF929479C0C006E5F59 /* Release */ = {
			isa = XCBuildConfiguration;
			buildSettings = {
				ALWAYS_SEARCH_USER_PATHS = NO;
				CLANG_ANALYZER_NONNULL = YES;
				CLANG_ANALYZER_NUMBER_OBJECT_CONVERSION = YES_AGGRESSIVE;
				CLANG_CXX_LANGUAGE_STANDARD = "gnu++20";
				CLANG_ENABLE_MODULES = YES;
				CLANG_ENABLE_OBJC_ARC = YES;
				CLANG_ENABLE_OBJC_WEAK = YES;
				CLANG_WARN_BLOCK_CAPTURE_AUTORELEASING = YES;
				CLANG_WARN_BOOL_CONVERSION = YES;
				CLANG_WARN_COMMA = YES;
				CLANG_WARN_CONSTANT_CONVERSION = YES;
				CLANG_WARN_DEPRECATED_OBJC_IMPLEMENTATIONS = YES;
				CLANG_WARN_DIRECT_OBJC_ISA_USAGE = YES_ERROR;
				CLANG_WARN_DOCUMENTATION_COMMENTS = YES;
				CLANG_WARN_EMPTY_BODY = YES;
				CLANG_WARN_ENUM_CONVERSION = YES;
				CLANG_WARN_INFINITE_RECURSION = YES;
				CLANG_WARN_INT_CONVERSION = YES;
				CLANG_WARN_NON_LITERAL_NULL_CONVERSION = YES;
				CLANG_WARN_OBJC_IMPLICIT_RETAIN_SELF = YES;
				CLANG_WARN_OBJC_LITERAL_CONVERSION = YES;
				CLANG_WARN_OBJC_ROOT_CLASS = YES_ERROR;
				CLANG_WARN_QUOTED_INCLUDE_IN_FRAMEWORK_HEADER = YES;
				CLANG_WARN_RANGE_LOOP_ANALYSIS = YES;
				CLANG_WARN_STRICT_PROTOTYPES = YES;
				CLANG_WARN_SUSPICIOUS_MOVE = YES;
				CLANG_WARN_UNGUARDED_AVAILABILITY = YES_AGGRESSIVE;
				CLANG_WARN_UNREACHABLE_CODE = YES;
				CLANG_WARN__DUPLICATE_METHOD_MATCH = YES;
				COPY_PHASE_STRIP = NO;
				DEBUG_INFORMATION_FORMAT = "dwarf-with-dsym";
				ENABLE_NS_ASSERTIONS = NO;
				ENABLE_STRICT_OBJC_MSGSEND = YES;
				GCC_C_LANGUAGE_STANDARD = gnu11;
				GCC_NO_COMMON_BLOCKS = YES;
				GCC_WARN_64_TO_32_BIT_CONVERSION = YES;
				GCC_WARN_ABOUT_RETURN_TYPE = YES_ERROR;
				GCC_WARN_UNDECLARED_SELECTOR = YES;
				GCC_WARN_UNINITIALIZED_AUTOS = YES_AGGRESSIVE;
				GCC_WARN_UNUSED_FUNCTION = YES;
				GCC_WARN_UNUSED_VARIABLE = YES;
				IPHONEOS_DEPLOYMENT_TARGET = 16.1;
				MTL_ENABLE_DEBUG_INFO = NO;
				MTL_FAST_MATH = YES;
				SDKROOT = iphoneos;
				SWIFT_COMPILATION_MODE = wholemodule;
				SWIFT_OPTIMIZATION_LEVEL = "-O";
				VALIDATE_PRODUCT = YES;
			};
			name = Release;
		};
		F75F5BFB29479C0C006E5F59 /* Debug */ = {
			isa = XCBuildConfiguration;
			baseConfigurationReference = B6C67B5EA8B793C12AEC1FAB /* Pods-effective_lab_ios.debug.xcconfig */;
			buildSettings = {
				ASSETCATALOG_COMPILER_APPICON_NAME = AppIcon;
				ASSETCATALOG_COMPILER_GLOBAL_ACCENT_COLOR_NAME = AccentColor;
				CODE_SIGN_STYLE = Automatic;
				CURRENT_PROJECT_VERSION = 1;
				GENERATE_INFOPLIST_FILE = YES;
				INFOPLIST_FILE = effective_lab_ios/Info.plist;
				INFOPLIST_KEY_UIApplicationSupportsIndirectInputEvents = YES;
				INFOPLIST_KEY_UILaunchStoryboardName = LaunchScreen;
				INFOPLIST_KEY_UISupportedInterfaceOrientations_iPad = "UIInterfaceOrientationPortrait UIInterfaceOrientationPortraitUpsideDown UIInterfaceOrientationLandscapeLeft UIInterfaceOrientationLandscapeRight";
				INFOPLIST_KEY_UISupportedInterfaceOrientations_iPhone = "UIInterfaceOrientationPortrait UIInterfaceOrientationLandscapeLeft UIInterfaceOrientationLandscapeRight";
				IPHONEOS_DEPLOYMENT_TARGET = 16.1;
				LD_RUNPATH_SEARCH_PATHS = (
					"$(inherited)",
					"@executable_path/Frameworks",
				);
				MARKETING_VERSION = 1.0;
				PRODUCT_BUNDLE_IDENTIFIER = "ru.flobsterable.effective-lab-ios";
				PRODUCT_NAME = "$(TARGET_NAME)";
				SWIFT_EMIT_LOC_STRINGS = YES;
				SWIFT_VERSION = 5.0;
				TARGETED_DEVICE_FAMILY = "1,2";
			};
			name = Debug;
		};
		F75F5BFC29479C0C006E5F59 /* Release */ = {
			isa = XCBuildConfiguration;
			baseConfigurationReference = E61613EA61AE2A83C11A3520 /* Pods-effective_lab_ios.release.xcconfig */;
			buildSettings = {
				ASSETCATALOG_COMPILER_APPICON_NAME = AppIcon;
				ASSETCATALOG_COMPILER_GLOBAL_ACCENT_COLOR_NAME = AccentColor;
				CODE_SIGN_STYLE = Automatic;
				CURRENT_PROJECT_VERSION = 1;
				GENERATE_INFOPLIST_FILE = YES;
				INFOPLIST_FILE = effective_lab_ios/Info.plist;
				INFOPLIST_KEY_UIApplicationSupportsIndirectInputEvents = YES;
				INFOPLIST_KEY_UILaunchStoryboardName = LaunchScreen;
				INFOPLIST_KEY_UISupportedInterfaceOrientations_iPad = "UIInterfaceOrientationPortrait UIInterfaceOrientationPortraitUpsideDown UIInterfaceOrientationLandscapeLeft UIInterfaceOrientationLandscapeRight";
				INFOPLIST_KEY_UISupportedInterfaceOrientations_iPhone = "UIInterfaceOrientationPortrait UIInterfaceOrientationLandscapeLeft UIInterfaceOrientationLandscapeRight";
				IPHONEOS_DEPLOYMENT_TARGET = 16.1;
				LD_RUNPATH_SEARCH_PATHS = (
					"$(inherited)",
					"@executable_path/Frameworks",
				);
				MARKETING_VERSION = 1.0;
				PRODUCT_BUNDLE_IDENTIFIER = "ru.flobsterable.effective-lab-ios";
				PRODUCT_NAME = "$(TARGET_NAME)";
				SWIFT_EMIT_LOC_STRINGS = YES;
				SWIFT_VERSION = 5.0;
				TARGETED_DEVICE_FAMILY = "1,2";
			};
			name = Release;
		};
/* End XCBuildConfiguration section */

/* Begin XCConfigurationList section */
		F75F5BE129479C0B006E5F59 /* Build configuration list for PBXProject "effective_lab_ios" */ = {
			isa = XCConfigurationList;
			buildConfigurations = (
				F75F5BF829479C0C006E5F59 /* Debug */,
				F75F5BF929479C0C006E5F59 /* Release */,
			);
			defaultConfigurationIsVisible = 0;
			defaultConfigurationName = Release;
		};
		F75F5BFA29479C0C006E5F59 /* Build configuration list for PBXNativeTarget "effective_lab_ios" */ = {
			isa = XCConfigurationList;
			buildConfigurations = (
				F75F5BFB29479C0C006E5F59 /* Debug */,
				F75F5BFC29479C0C006E5F59 /* Release */,
			);
			defaultConfigurationIsVisible = 0;
			defaultConfigurationName = Release;
		};
/* End XCConfigurationList section */

/* Begin XCRemoteSwiftPackageReference section */
		F75F5C042947C711006E5F59 /* XCRemoteSwiftPackageReference "SnapKit" */ = {
			isa = XCRemoteSwiftPackageReference;
			repositoryURL = "https://github.com/SnapKit/SnapKit";
			requirement = {
				kind = upToNextMajorVersion;
				minimumVersion = 5.0.0;
			};
		};
/* End XCRemoteSwiftPackageReference section */

/* Begin XCSwiftPackageProductDependency section */
		F75F5C052947C711006E5F59 /* SnapKit */ = {
			isa = XCSwiftPackageProductDependency;
			package = F75F5C042947C711006E5F59 /* XCRemoteSwiftPackageReference "SnapKit" */;
			productName = SnapKit;
		};
/* End XCSwiftPackageProductDependency section */
	};
	rootObject = F75F5BDE29479C0B006E5F59 /* Project object */;
}
